PODS:
  - SimpleMarkdownParser (0.5.2)

DEPENDENCIES:
  - SimpleMarkdownParser (from `../../`)

EXTERNAL SOURCES:
  SimpleMarkdownParser:
    :path: ../../

SPEC CHECKSUMS:
  SimpleMarkdownParser: bc6197a9d86dd2f089530ab2f381529904d8e2a6

PODFILE CHECKSUM: 7a9c695bf36bb913a98f084bdff0e86228f31bb0

COCOAPODS: 1.1.0.rc.2
