PODS:
  - SimpleMarkdownParser (0.5.1)

DEPENDENCIES:
  - SimpleMarkdownParser (from `../../`)

EXTERNAL SOURCES:
  SimpleMarkdownParser:
    :path: ../../

SPEC CHECKSUMS:
  SimpleMarkdownParser: 74a955e35e3ba204370df7d6eabb96d806f0efc3

PODFILE CHECKSUM: 7a9c695bf36bb913a98f084bdff0e86228f31bb0

COCOAPODS: 1.1.0.rc.2
